{
  "name": "taskcluster-tools",
  "version": "0.1.0",
  "dependencies": {
    "codemirror": {
      "version": "4.11.0",
      "from": "codemirror@4.11.0",
      "resolved": "https://registry.npmjs.org/codemirror/-/codemirror-4.11.0.tgz"
    },
    "debug": {
      "version": "2.1.1",
      "from": "debug@2.1.1",
      "resolved": "https://registry.npmjs.org/debug/-/debug-2.1.1.tgz",
      "dependencies": {
        "ms": {
          "version": "0.6.2",
          "from": "ms@0.6.2",
          "resolved": "https://registry.npmjs.org/ms/-/ms-0.6.2.tgz"
        }
      }
    },
    "highlight.js": {
      "version": "8.4.0",
      "from": "highlight.js@8.4.0",
      "resolved": "https://registry.npmjs.org/highlight.js/-/highlight.js-8.4.0.tgz"
    },
    "jquery": {
      "version": "2.1.3",
      "from": "jquery@2.1.3",
      "resolved": "https://registry.npmjs.org/jquery/-/jquery-2.1.3.tgz"
    },
    "lodash": {
      "version": "2.4.1",
      "from": "lodash@2.4.1",
      "resolved": "https://registry.npmjs.org/lodash/-/lodash-2.4.1.tgz"
    },
    "marked": {
      "version": "0.3.2",
      "from": "marked@0.3.2",
      "resolved": "https://registry.npmjs.org/marked/-/marked-0.3.2.tgz"
    },
    "moment": {
      "version": "2.9.0",
      "from": "moment@2.9.0",
      "resolved": "https://registry.npmjs.org/moment/-/moment-2.9.0.tgz"
    },
    "promise": {
      "version": "6.0.1",
      "from": "promise@6.0.1",
      "resolved": "https://registry.npmjs.org/promise/-/promise-6.0.1.tgz",
      "dependencies": {
        "asap": {
          "version": "1.0.0",
          "from": "asap@>=1.0.0 <1.1.0",
          "resolved": "https://registry.npmjs.org/asap/-/asap-1.0.0.tgz"
        }
      }
    },
    "react": {
      "version": "0.12.2",
      "from": "react@0.12.2",
      "resolved": "https://registry.npmjs.org/react/-/react-0.12.2.tgz",
      "dependencies": {
        "envify": {
          "version": "3.4.0",
          "from": "envify@>=3.0.0 <4.0.0",
          "resolved": "https://registry.npmjs.org/envify/-/envify-3.4.0.tgz",
          "dependencies": {
            "through": {
              "version": "2.3.6",
              "from": "through@>=2.3.4 <2.4.0",
              "resolved": "https://registry.npmjs.org/through/-/through-2.3.6.tgz"
            },
            "jstransform": {
              "version": "10.1.0",
              "from": "jstransform@>=10.0.1 <11.0.0",
              "resolved": "https://registry.npmjs.org/jstransform/-/jstransform-10.1.0.tgz",
              "dependencies": {
                "base62": {
                  "version": "0.1.1",
                  "from": "base62@0.1.1",
                  "resolved": "https://registry.npmjs.org/base62/-/base62-0.1.1.tgz"
                },
                "esprima-fb": {
                  "version": "13001.1001.0-dev-harmony-fb",
                  "from": "esprima-fb@13001.1001.0-dev-harmony-fb",
                  "resolved": "https://registry.npmjs.org/esprima-fb/-/esprima-fb-13001.1001.0-dev-harmony-fb.tgz"
                },
                "source-map": {
                  "version": "0.1.31",
                  "from": "source-map@0.1.31",
                  "resolved": "https://registry.npmjs.org/source-map/-/source-map-0.1.31.tgz",
                  "dependencies": {
                    "amdefine": {
                      "version": "0.1.0",
                      "from": "amdefine@>=0.0.4",
                      "resolved": "https://registry.npmjs.org/amdefine/-/amdefine-0.1.0.tgz"
                    }
                  }
                }
              }
            }
          }
        }
      }
    },
    "react-bootstrap": {
      "version": "0.13.1",
      "from": "react-bootstrap@0.13.1",
      "resolved": "https://registry.npmjs.org/react-bootstrap/-/react-bootstrap-0.13.1.tgz"
    },
    "react-code-mirror": {
      "version": "3.0.3",
      "from": "react-code-mirror@3.0.3",
      "resolved": "https://registry.npmjs.org/react-code-mirror/-/react-code-mirror-3.0.3.tgz"
    },
    "react-json-inspector": {
      "version": "4.1.0",
      "from": "../../../../tmp/npm-25345-b817590b/git-cache-d118f9c45b6c/50016b15b4152b0c6e813251966db6a123f3a52f",
      "resolved": "git+https://github.com/jonasfj/react-json-inspector#50016b15b4152b0c6e813251966db6a123f3a52f",
      "dependencies": {
        "debounce": {
          "version": "1.0.0",
          "from": "debounce@>=1.0.0 <2.0.0",
          "dependencies": {
            "date-now": {
              "version": "1.0.1",
              "from": "date-now@1.0.1",
              "resolved": "https://registry.npmjs.org/date-now/-/date-now-1.0.1.tgz"
            }
          }
        },
        "object-assign": {
          "version": "2.0.0",
          "from": "object-assign@>=2.0.0 <3.0.0",
          "resolved": "https://registry.npmjs.org/object-assign/-/object-assign-2.0.0.tgz"
        }
      }
    },
    "react-widgets": {
      "version": "2.1.0",
      "from": "react-widgets@2.1.0",
      "resolved": "https://registry.npmjs.org/react-widgets/-/react-widgets-2.1.0.tgz",
      "dependencies": {
        "date-arithmetic": {
          "version": "1.0.0",
          "from": "date-arithmetic@>=1.0.0 <1.1.0"
        },
        "globalize": {
          "version": "0.1.1",
          "from": "globalize@>=0.1.1 <0.2.0"
        },
        "xtend": {
          "version": "4.0.0",
          "from": "xtend@>=4.0.0 <5.0.0",
          "resolved": "https://registry.npmjs.org/xtend/-/xtend-4.0.0.tgz"
        }
      }
    },
    "rison": {
      "version": "0.1.1",
      "from": "rison@0.1.1",
      "resolved": "https://registry.npmjs.org/rison/-/rison-0.1.1.tgz"
    },
    "slugid": {
      "version": "1.0.3",
      "from": "slugid@1.0.3",
      "resolved": "https://registry.npmjs.org/slugid/-/slugid-1.0.3.tgz",
      "dependencies": {
        "uuid": {
          "version": "1.4.1",
          "from": "uuid@1.4.1",
          "resolved": "https://registry.npmjs.org/uuid/-/uuid-1.4.1.tgz"
        }
      }
    },
    "taskcluster-client": {
      "version": "0.21.4",
      "from": "taskcluster-client@0.21.4",
      "resolved": "https://registry.npmjs.org/taskcluster-client/-/taskcluster-client-0.21.4.tgz",
      "dependencies": {
        "lodash": {
          "version": "3.6.0",
          "from": "lodash@>=3.6.0 <4.0.0",
          "resolved": "https://registry.npmjs.org/lodash/-/lodash-3.6.0.tgz"
        },
        "debug": {
          "version": "2.1.3",
          "from": "debug@>=2.1.3 <3.0.0",
          "resolved": "https://registry.npmjs.org/debug/-/debug-2.1.3.tgz",
          "dependencies": {
            "ms": {
              "version": "0.7.0",
              "from": "ms@0.7.0",
              "resolved": "https://registry.npmjs.org/ms/-/ms-0.7.0.tgz"
            }
          }
        },
        "superagent": {
          "version": "1.1.0",
          "from": "superagent@>=1.1.0 <2.0.0",
          "resolved": "https://registry.npmjs.org/superagent/-/superagent-1.1.0.tgz",
          "dependencies": {
            "qs": {
              "version": "2.3.3",
              "from": "qs@2.3.3",
              "resolved": "https://registry.npmjs.org/qs/-/qs-2.3.3.tgz"
            },
            "formidable": {
              "version": "1.0.14",
              "from": "formidable@1.0.14",
              "resolved": "https://registry.npmjs.org/formidable/-/formidable-1.0.14.tgz"
            },
            "mime": {
              "version": "1.2.11",
              "from": "mime@1.2.11",
              "resolved": "https://registry.npmjs.org/mime/-/mime-1.2.11.tgz"
            },
            "component-emitter": {
              "version": "1.1.2",
              "from": "component-emitter@1.1.2",
              "resolved": "https://registry.npmjs.org/component-emitter/-/component-emitter-1.1.2.tgz"
            },
            "methods": {
              "version": "1.0.1",
              "from": "methods@1.0.1",
              "resolved": "https://registry.npmjs.org/methods/-/methods-1.0.1.tgz"
            },
            "cookiejar": {
              "version": "2.0.1",
              "from": "cookiejar@2.0.1",
              "resolved": "https://registry.npmjs.org/cookiejar/-/cookiejar-2.0.1.tgz"
            },
            "reduce-component": {
              "version": "1.0.1",
              "from": "reduce-component@1.0.1",
              "resolved": "https://registry.npmjs.org/reduce-component/-/reduce-component-1.0.1.tgz"
            },
            "extend": {
              "version": "1.2.1",
              "from": "extend@1.2.1",
              "resolved": "https://registry.npmjs.org/extend/-/extend-1.2.1.tgz"
            },
            "form-data": {
              "version": "0.1.3",
              "from": "form-data@0.1.3",
              "resolved": "https://registry.npmjs.org/form-data/-/form-data-0.1.3.tgz",
              "dependencies": {
                "combined-stream": {
                  "version": "0.0.7",
                  "from": "combined-stream@>=0.0.4 <0.1.0",
                  "resolved": "https://registry.npmjs.org/combined-stream/-/combined-stream-0.0.7.tgz",
                  "dependencies": {
                    "delayed-stream": {
                      "version": "0.0.5",
                      "from": "delayed-stream@0.0.5",
                      "resolved": "https://registry.npmjs.org/delayed-stream/-/delayed-stream-0.0.5.tgz"
                    }
                  }
                },
                "async": {
                  "version": "0.9.0",
                  "from": "async@>=0.9.0 <0.10.0"
                }
              }
            },
            "readable-stream": {
              "version": "1.0.27-1",
              "from": "readable-stream@1.0.27-1",
              "resolved": "https://registry.npmjs.org/readable-stream/-/readable-stream-1.0.27-1.tgz",
              "dependencies": {
                "core-util-is": {
                  "version": "1.0.1",
                  "from": "core-util-is@>=1.0.0 <1.1.0",
                  "resolved": "https://registry.npmjs.org/core-util-is/-/core-util-is-1.0.1.tgz"
                },
                "isarray": {
                  "version": "0.0.1",
                  "from": "isarray@0.0.1",
                  "resolved": "https://registry.npmjs.org/isarray/-/isarray-0.0.1.tgz"
                },
                "string_decoder": {
                  "version": "0.10.31",
                  "from": "string_decoder@>=0.10.0 <0.11.0"
                },
                "inherits": {
                  "version": "2.0.1",
                  "from": "inherits@>=2.0.1 <2.1.0",
                  "resolved": "https://registry.npmjs.org/inherits/-/inherits-2.0.1.tgz"
                }
              }
            }
          }
        },
        "superagent-promise": {
          "version": "0.2.0",
          "from": "superagent-promise@>=0.2.0 <0.3.0",
          "resolved": "https://registry.npmjs.org/superagent-promise/-/superagent-promise-0.2.0.tgz"
        },
        "superagent-hawk": {
          "version": "0.0.6",
          "from": "superagent-hawk@>=0.0.6 <0.0.7",
          "resolved": "https://registry.npmjs.org/superagent-hawk/-/superagent-hawk-0.0.6.tgz",
          "dependencies": {
            "hawk": {
              "version": "1.0.0",
              "from": "hawk@>=1.0.0 <1.1.0",
              "dependencies": {
                "hoek": {
                  "version": "0.9.1",
                  "from": "hoek@>=0.9.0 <0.10.0"
                },
                "boom": {
                  "version": "0.4.2",
                  "from": "boom@>=0.4.0 <0.5.0"
                },
                "cryptiles": {
                  "version": "0.2.2",
                  "from": "cryptiles@>=0.2.0 <0.3.0"
                },
                "sntp": {
                  "version": "0.2.4",
                  "from": "sntp@>=0.2.0 <0.3.0"
                }
              }
            },
            "qs": {
              "version": "0.6.6",
              "from": "qs@>=0.6.6 <0.7.0",
              "resolved": "https://registry.npmjs.org/qs/-/qs-0.6.6.tgz"
            }
          }
        },
        "amqplib": {
          "version": "0.3.2",
          "from": "amqplib@>=0.3.2 <0.4.0",
          "resolved": "https://registry.npmjs.org/amqplib/-/amqplib-0.3.2.tgz",
          "dependencies": {
            "bitsyntax": {
              "version": "0.0.4",
              "from": "bitsyntax@>=0.0.4 <0.1.0"
            },
            "buffer-more-ints": {
              "version": "0.0.2",
              "from": "buffer-more-ints@0.0.2",
              "resolved": "https://registry.npmjs.org/buffer-more-ints/-/buffer-more-ints-0.0.2.tgz"
            },
            "readable-stream": {
              "version": "1.1.13",
              "from": "readable-stream@>=1.0.0 <2.0.0 >=1.1.9",
              "dependencies": {
                "core-util-is": {
                  "version": "1.0.1",
                  "from": "core-util-is@>=1.0.0 <1.1.0",
                  "resolved": "https://registry.npmjs.org/core-util-is/-/core-util-is-1.0.1.tgz"
                },
                "isarray": {
                  "version": "0.0.1",
                  "from": "isarray@0.0.1",
                  "resolved": "https://registry.npmjs.org/isarray/-/isarray-0.0.1.tgz"
                },
                "string_decoder": {
                  "version": "0.10.31",
                  "from": "string_decoder@>=0.10.0 <0.11.0"
                },
                "inherits": {
                  "version": "2.0.1",
                  "from": "inherits@>=2.0.1 <2.1.0",
                  "resolved": "https://registry.npmjs.org/inherits/-/inherits-2.0.1.tgz"
                }
              }
            },
            "when": {
              "version": "3.6.4",
              "from": "when@>=3.6.2 <3.7.0",
              "resolved": "https://registry.npmjs.org/when/-/when-3.6.4.tgz"
            }
          }
        },
        "promise": {
          "version": "6.1.0",
          "from": "promise@>=6.1.0 <7.0.0",
          "resolved": "https://registry.npmjs.org/promise/-/promise-6.1.0.tgz",
          "dependencies": {
            "asap": {
              "version": "1.0.0",
              "from": "asap@>=1.0.0 <1.1.0",
              "resolved": "https://registry.npmjs.org/asap/-/asap-1.0.0.tgz"
            }
          }
        },
        "hawk": {
          "version": "2.3.1",
          "from": "hawk@>=2.3.1 <3.0.0",
          "resolved": "https://registry.npmjs.org/hawk/-/hawk-2.3.1.tgz",
          "dependencies": {
            "hoek": {
              "version": "2.12.0",
              "from": "hoek@>=2.0.0 <3.0.0",
              "resolved": "https://registry.npmjs.org/hoek/-/hoek-2.12.0.tgz"
            },
            "boom": {
              "version": "2.6.1",
              "from": "boom@>=2.0.0 <3.0.0",
              "resolved": "https://registry.npmjs.org/boom/-/boom-2.6.1.tgz"
            },
            "cryptiles": {
              "version": "2.0.4",
              "from": "cryptiles@>=2.0.0 <3.0.0",
              "resolved": "https://registry.npmjs.org/cryptiles/-/cryptiles-2.0.4.tgz"
            },
            "sntp": {
              "version": "1.0.9",
              "from": "sntp@>=1.0.0 <2.0.0"
            }
          }
        },
        "url-join": {
          "version": "0.0.1",
          "from": "url-join@>=0.0.1 <0.0.2",
          "resolved": "https://registry.npmjs.org/url-join/-/url-join-0.0.1.tgz"
        },
        "sockjs-client-node": {
          "version": "0.2.1",
          "from": "sockjs-client-node@>=0.2.1 <0.3.0",
          "resolved": "https://registry.npmjs.org/sockjs-client-node/-/sockjs-client-node-0.2.1.tgz",
          "dependencies": {
            "jsdom": {
              "version": "3.1.2",
              "from": "jsdom@>=3.1.0 <3.2.0",
              "resolved": "https://registry.npmjs.org/jsdom/-/jsdom-3.1.2.tgz",
              "dependencies": {
                "browser-request": {
                  "version": "0.3.3",
                  "from": "browser-request@>=0.3.1 <0.4.0",
                  "resolved": "https://registry.npmjs.org/browser-request/-/browser-request-0.3.3.tgz"
                },
                "contextify": {
                  "version": "0.1.13",
                  "from": "contextify@>=0.1.9 <0.2.0",
                  "resolved": "https://registry.npmjs.org/contextify/-/contextify-0.1.13.tgz",
                  "dependencies": {
                    "bindings": {
                      "version": "1.2.1",
                      "from": "bindings@*"
                    },
                    "nan": {
                      "version": "1.5.3",
                      "from": "nan@>=1.5.0 <1.6.0",
                      "resolved": "https://registry.npmjs.org/nan/-/nan-1.5.3.tgz"
                    }
                  }
                },
                "cssom": {
                  "version": "0.3.0",
                  "from": "cssom@>=0.3.0 <0.4.0"
                },
                "cssstyle": {
                  "version": "0.2.23",
                  "from": "cssstyle@>=0.2.21 <0.3.0",
                  "resolved": "https://registry.npmjs.org/cssstyle/-/cssstyle-0.2.23.tgz"
                },
                "htmlparser2": {
                  "version": "3.8.2",
                  "from": "htmlparser2@>=3.7.3 <4.0.0",
                  "resolved": "https://registry.npmjs.org/htmlparser2/-/htmlparser2-3.8.2.tgz",
                  "dependencies": {
                    "domhandler": {
                      "version": "2.3.0",
                      "from": "domhandler@>=2.3.0 <2.4.0",
                      "resolved": "https://registry.npmjs.org/domhandler/-/domhandler-2.3.0.tgz"
                    },
                    "domutils": {
                      "version": "1.5.1",
                      "from": "domutils@>=1.5.0 <1.6.0",
                      "resolved": "https://registry.npmjs.org/domutils/-/domutils-1.5.1.tgz",
                      "dependencies": {
                        "dom-serializer": {
                          "version": "0.1.0",
                          "from": "dom-serializer@>=0.0.0 <1.0.0",
                          "resolved": "https://registry.npmjs.org/dom-serializer/-/dom-serializer-0.1.0.tgz",
                          "dependencies": {
                            "domelementtype": {
                              "version": "1.1.3",
                              "from": "domelementtype@>=1.1.1 <1.2.0",
                              "resolved": "https://registry.npmjs.org/domelementtype/-/domelementtype-1.1.3.tgz"
                            },
                            "entities": {
                              "version": "1.1.1",
                              "from": "entities@>=1.1.1 <1.2.0",
                              "resolved": "https://registry.npmjs.org/entities/-/entities-1.1.1.tgz"
                            }
                          }
                        }
                      }
                    },
                    "domelementtype": {
                      "version": "1.3.0",
                      "from": "domelementtype@>=1.0.0 <2.0.0",
                      "resolved": "https://registry.npmjs.org/domelementtype/-/domelementtype-1.3.0.tgz"
                    },
                    "readable-stream": {
                      "version": "1.1.13",
                      "from": "readable-stream@>=1.1.0 <1.2.0",
                      "dependencies": {
                        "core-util-is": {
                          "version": "1.0.1",
                          "from": "core-util-is@>=1.0.0 <1.1.0",
                          "resolved": "https://registry.npmjs.org/core-util-is/-/core-util-is-1.0.1.tgz"
                        },
                        "isarray": {
                          "version": "0.0.1",
                          "from": "isarray@0.0.1",
                          "resolved": "https://registry.npmjs.org/isarray/-/isarray-0.0.1.tgz"
                        },
                        "string_decoder": {
                          "version": "0.10.31",
                          "from": "string_decoder@>=0.10.0 <0.11.0"
                        },
                        "inherits": {
                          "version": "2.0.1",
                          "from": "inherits@>=2.0.1 <2.1.0",
                          "resolved": "https://registry.npmjs.org/inherits/-/inherits-2.0.1.tgz"
                        }
                      }
                    },
                    "entities": {
                      "version": "1.0.0",
                      "from": "entities@>=1.0.0 <1.1.0"
                    }
                  }
                },
                "nwmatcher": {
                  "version": "1.3.4",
                  "from": "nwmatcher@>=1.3.4 <2.0.0",
                  "resolved": "https://registry.npmjs.org/nwmatcher/-/nwmatcher-1.3.4.tgz"
                },
                "parse5": {
                  "version": "1.4.1",
                  "from": "parse5@>=1.3.1 <2.0.0",
                  "resolved": "https://registry.npmjs.org/parse5/-/parse5-1.4.1.tgz"
                },
                "request": {
                  "version": "2.54.0",
                  "from": "request@>=2.44.0 <3.0.0",
                  "resolved": "https://registry.npmjs.org/request/-/request-2.54.0.tgz",
                  "dependencies": {
                    "bl": {
                      "version": "0.9.4",
                      "from": "bl@>=0.9.0 <0.10.0",
                      "resolved": "https://registry.npmjs.org/bl/-/bl-0.9.4.tgz",
                      "dependencies": {
                        "readable-stream": {
                          "version": "1.0.33",
                          "from": "readable-stream@>=1.0.26 <1.1.0",
                          "resolved": "https://registry.npmjs.org/readable-stream/-/readable-stream-1.0.33.tgz",
                          "dependencies": {
                            "core-util-is": {
                              "version": "1.0.1",
                              "from": "core-util-is@>=1.0.0 <1.1.0",
                              "resolved": "https://registry.npmjs.org/core-util-is/-/core-util-is-1.0.1.tgz"
                            },
                            "isarray": {
                              "version": "0.0.1",
                              "from": "isarray@0.0.1",
                              "resolved": "https://registry.npmjs.org/isarray/-/isarray-0.0.1.tgz"
                            },
                            "string_decoder": {
                              "version": "0.10.31",
                              "from": "string_decoder@>=0.10.0 <0.11.0"
                            },
                            "inherits": {
                              "version": "2.0.1",
                              "from": "inherits@>=2.0.1 <2.1.0",
                              "resolved": "https://registry.npmjs.org/inherits/-/inherits-2.0.1.tgz"
                            }
                          }
                        }
                      }
                    },
                    "caseless": {
                      "version": "0.9.0",
                      "from": "caseless@>=0.9.0 <0.10.0",
                      "resolved": "https://registry.npmjs.org/caseless/-/caseless-0.9.0.tgz"
                    },
                    "forever-agent": {
                      "version": "0.6.0",
                      "from": "forever-agent@>=0.6.0 <0.7.0",
                      "resolved": "https://registry.npmjs.org/forever-agent/-/forever-agent-0.6.0.tgz"
                    },
                    "form-data": {
                      "version": "0.2.0",
                      "from": "form-data@>=0.2.0 <0.3.0",
                      "resolved": "https://registry.npmjs.org/form-data/-/form-data-0.2.0.tgz",
                      "dependencies": {
                        "async": {
                          "version": "0.9.0",
                          "from": "async@>=0.9.0 <0.10.0"
                        }
                      }
                    },
                    "json-stringify-safe": {
                      "version": "5.0.0",
                      "from": "json-stringify-safe@>=5.0.0 <5.1.0"
                    },
                    "mime-types": {
                      "version": "2.0.10",
                      "from": "mime-types@>=2.0.1 <2.1.0",
                      "resolved": "https://registry.npmjs.org/mime-types/-/mime-types-2.0.10.tgz",
                      "dependencies": {
                        "mime-db": {
                          "version": "1.8.0",
                          "from": "mime-db@>=1.8.0 <1.9.0",
                          "resolved": "https://registry.npmjs.org/mime-db/-/mime-db-1.8.0.tgz"
                        }
                      }
                    },
                    "node-uuid": {
                      "version": "1.4.3",
                      "from": "node-uuid@>=1.4.0 <1.5.0",
                      "resolved": "https://registry.npmjs.org/node-uuid/-/node-uuid-1.4.3.tgz"
                    },
                    "qs": {
                      "version": "2.4.1",
                      "from": "qs@>=2.4.0 <2.5.0",
                      "resolved": "https://registry.npmjs.org/qs/-/qs-2.4.1.tgz"
                    },
                    "tunnel-agent": {
                      "version": "0.4.0",
                      "from": "tunnel-agent@>=0.4.0 <0.5.0"
                    },
                    "tough-cookie": {
                      "version": "0.12.1",
                      "from": "tough-cookie@>=0.12.0",
                      "dependencies": {
                        "punycode": {
                          "version": "1.3.2",
                          "from": "punycode@>=0.2.0",
                          "resolved": "https://registry.npmjs.org/punycode/-/punycode-1.3.2.tgz"
                        }
                      }
                    },
                    "http-signature": {
                      "version": "0.10.1",
                      "from": "http-signature@>=0.10.0 <0.11.0",
                      "resolved": "https://registry.npmjs.org/http-signature/-/http-signature-0.10.1.tgz",
                      "dependencies": {
                        "assert-plus": {
                          "version": "0.1.5",
                          "from": "assert-plus@>=0.1.5 <0.2.0",
                          "resolved": "https://registry.npmjs.org/assert-plus/-/assert-plus-0.1.5.tgz"
                        },
                        "asn1": {
                          "version": "0.1.11",
                          "from": "asn1@0.1.11",
                          "resolved": "https://registry.npmjs.org/asn1/-/asn1-0.1.11.tgz"
                        },
                        "ctype": {
                          "version": "0.5.3",
                          "from": "ctype@0.5.3",
                          "resolved": "https://registry.npmjs.org/ctype/-/ctype-0.5.3.tgz"
                        }
                      }
                    },
                    "oauth-sign": {
                      "version": "0.6.0",
                      "from": "oauth-sign@>=0.6.0 <0.7.0",
                      "resolved": "https://registry.npmjs.org/oauth-sign/-/oauth-sign-0.6.0.tgz"
                    },
                    "aws-sign2": {
                      "version": "0.5.0",
                      "from": "aws-sign2@>=0.5.0 <0.6.0"
                    },
                    "stringstream": {
                      "version": "0.0.4",
                      "from": "stringstream@>=0.0.4 <0.1.0"
                    },
                    "combined-stream": {
                      "version": "0.0.7",
                      "from": "combined-stream@>=0.0.5 <0.1.0",
                      "resolved": "https://registry.npmjs.org/combined-stream/-/combined-stream-0.0.7.tgz",
                      "dependencies": {
                        "delayed-stream": {
                          "version": "0.0.5",
                          "from": "delayed-stream@0.0.5",
                          "resolved": "https://registry.npmjs.org/delayed-stream/-/delayed-stream-0.0.5.tgz"
                        }
                      }
                    },
                    "isstream": {
                      "version": "0.1.2",
                      "from": "isstream@>=0.1.1 <0.2.0",
                      "resolved": "https://registry.npmjs.org/isstream/-/isstream-0.1.2.tgz"
                    },
                    "har-validator": {
                      "version": "1.5.1",
                      "from": "har-validator@>=1.4.0 <2.0.0",
                      "resolved": "https://registry.npmjs.org/har-validator/-/har-validator-1.5.1.tgz",
                      "dependencies": {
                        "bluebird": {
                          "version": "2.9.21",
                          "from": "bluebird@>=2.9.14 <3.0.0",
                          "resolved": "https://registry.npmjs.org/bluebird/-/bluebird-2.9.21.tgz"
                        },
                        "chalk": {
                          "version": "1.0.0",
                          "from": "chalk@>=1.0.0 <2.0.0",
                          "resolved": "https://registry.npmjs.org/chalk/-/chalk-1.0.0.tgz",
                          "dependencies": {
                            "ansi-styles": {
                              "version": "2.0.1",
                              "from": "ansi-styles@>=2.0.1 <3.0.0",
                              "resolved": "https://registry.npmjs.org/ansi-styles/-/ansi-styles-2.0.1.tgz"
                            },
                            "escape-string-regexp": {
                              "version": "1.0.3",
                              "from": "escape-string-regexp@>=1.0.2 <2.0.0",
                              "resolved": "https://registry.npmjs.org/escape-string-regexp/-/escape-string-regexp-1.0.3.tgz"
                            },
                            "has-ansi": {
                              "version": "1.0.3",
                              "from": "has-ansi@>=1.0.3 <2.0.0",
                              "resolved": "https://registry.npmjs.org/has-ansi/-/has-ansi-1.0.3.tgz",
                              "dependencies": {
                                "ansi-regex": {
                                  "version": "1.1.1",
                                  "from": "ansi-regex@>=1.0.0 <2.0.0",
                                  "resolved": "https://registry.npmjs.org/ansi-regex/-/ansi-regex-1.1.1.tgz"
                                },
                                "get-stdin": {
                                  "version": "4.0.1",
                                  "from": "get-stdin@>=4.0.1 <5.0.0",
                                  "resolved": "https://registry.npmjs.org/get-stdin/-/get-stdin-4.0.1.tgz"
                                }
                              }
                            },
                            "strip-ansi": {
                              "version": "2.0.1",
                              "from": "strip-ansi@>=2.0.1 <3.0.0",
                              "resolved": "https://registry.npmjs.org/strip-ansi/-/strip-ansi-2.0.1.tgz",
                              "dependencies": {
                                "ansi-regex": {
                                  "version": "1.1.1",
                                  "from": "ansi-regex@>=1.0.0 <2.0.0",
                                  "resolved": "https://registry.npmjs.org/ansi-regex/-/ansi-regex-1.1.1.tgz"
                                }
                              }
                            },
                            "supports-color": {
                              "version": "1.3.1",
                              "from": "supports-color@>=1.3.0 <2.0.0",
                              "resolved": "https://registry.npmjs.org/supports-color/-/supports-color-1.3.1.tgz"
                            }
                          }
                        },
                        "commander": {
                          "version": "2.7.1",
                          "from": "commander@>=2.7.1 <3.0.0",
                          "resolved": "https://registry.npmjs.org/commander/-/commander-2.7.1.tgz",
                          "dependencies": {
                            "graceful-readlink": {
                              "version": "1.0.1",
                              "from": "graceful-readlink@>=1.0.0",
                              "resolved": "https://registry.npmjs.org/graceful-readlink/-/graceful-readlink-1.0.1.tgz"
                            }
                          }
                        },
                        "is-my-json-valid": {
                          "version": "2.10.0",
                          "from": "is-my-json-valid@>=2.10.0 <3.0.0",
                          "resolved": "https://registry.npmjs.org/is-my-json-valid/-/is-my-json-valid-2.10.0.tgz",
                          "dependencies": {
                            "generate-function": {
                              "version": "2.0.0",
                              "from": "generate-function@>=2.0.0 <3.0.0",
                              "resolved": "https://registry.npmjs.org/generate-function/-/generate-function-2.0.0.tgz"
                            },
                            "generate-object-property": {
                              "version": "1.1.1",
                              "from": "generate-object-property@>=1.1.0 <2.0.0",
                              "resolved": "https://registry.npmjs.org/generate-object-property/-/generate-object-property-1.1.1.tgz",
                              "dependencies": {
                                "is-property": {
                                  "version": "1.0.2",
                                  "from": "is-property@>=1.0.0 <2.0.0",
                                  "resolved": "https://registry.npmjs.org/is-property/-/is-property-1.0.2.tgz"
                                }
                              }
                            },
                            "jsonpointer": {
                              "version": "1.1.0",
                              "from": "jsonpointer@>=1.1.0 <2.0.0",
                              "resolved": "https://registry.npmjs.org/jsonpointer/-/jsonpointer-1.1.0.tgz"
                            },
                            "xtend": {
                              "version": "4.0.0",
                              "from": "xtend@>=4.0.0 <5.0.0",
                              "resolved": "https://registry.npmjs.org/xtend/-/xtend-4.0.0.tgz"
                            }
                          }
                        }
                      }
                    }
                  }
                },
                "xml-name-validator": {
                  "version": "1.0.0",
                  "from": "xml-name-validator@>=1.0.0 <2.0.0",
                  "resolved": "https://registry.npmjs.org/xml-name-validator/-/xml-name-validator-1.0.0.tgz"
                },
                "xmlhttprequest": {
                  "version": "1.7.0",
                  "from": "xmlhttprequest@>=1.6.0 <2.0.0",
                  "resolved": "https://registry.npmjs.org/xmlhttprequest/-/xmlhttprequest-1.7.0.tgz"
                },
                "acorn-globals": {
                  "version": "1.0.3",
                  "from": "acorn-globals@>=1.0.2 <2.0.0",
                  "resolved": "https://registry.npmjs.org/acorn-globals/-/acorn-globals-1.0.3.tgz",
                  "dependencies": {
                    "acorn": {
                      "version": "1.0.1",
                      "from": "acorn@>=1.0.1 <2.0.0",
                      "resolved": "https://registry.npmjs.org/acorn/-/acorn-1.0.1.tgz"
                    }
                  }
                },
                "acorn": {
                  "version": "0.11.0",
                  "from": "acorn@0.11.0",
                  "resolved": "https://registry.npmjs.org/acorn/-/acorn-0.11.0.tgz"
                },
                "escodegen": {
                  "version": "1.6.1",
                  "from": "escodegen@>=1.6.1 <2.0.0",
                  "resolved": "https://registry.npmjs.org/escodegen/-/escodegen-1.6.1.tgz",
                  "dependencies": {
                    "estraverse": {
                      "version": "1.9.3",
                      "from": "estraverse@>=1.9.1 <2.0.0",
                      "resolved": "https://registry.npmjs.org/estraverse/-/estraverse-1.9.3.tgz"
                    },
                    "esutils": {
                      "version": "1.1.6",
                      "from": "esutils@>=1.1.6 <2.0.0",
                      "resolved": "https://registry.npmjs.org/esutils/-/esutils-1.1.6.tgz"
                    },
                    "esprima": {
                      "version": "1.2.5",
                      "from": "esprima@>=1.2.2 <2.0.0",
                      "resolved": "https://registry.npmjs.org/esprima/-/esprima-1.2.5.tgz"
                    },
                    "optionator": {
                      "version": "0.5.0",
                      "from": "optionator@>=0.5.0 <0.6.0",
                      "resolved": "https://registry.npmjs.org/optionator/-/optionator-0.5.0.tgz",
                      "dependencies": {
                        "prelude-ls": {
                          "version": "1.1.1",
                          "from": "prelude-ls@>=1.1.1 <1.2.0",
                          "resolved": "https://registry.npmjs.org/prelude-ls/-/prelude-ls-1.1.1.tgz"
                        },
                        "deep-is": {
                          "version": "0.1.3",
                          "from": "deep-is@>=0.1.2 <0.2.0"
                        },
                        "wordwrap": {
                          "version": "0.0.2",
                          "from": "wordwrap@>=0.0.2 <0.1.0",
                          "resolved": "https://registry.npmjs.org/wordwrap/-/wordwrap-0.0.2.tgz"
                        },
                        "type-check": {
                          "version": "0.3.1",
                          "from": "type-check@>=0.3.1 <0.4.0",
                          "resolved": "https://registry.npmjs.org/type-check/-/type-check-0.3.1.tgz"
                        },
                        "levn": {
                          "version": "0.2.5",
                          "from": "levn@>=0.2.5 <0.3.0",
                          "resolved": "https://registry.npmjs.org/levn/-/levn-0.2.5.tgz"
                        },
                        "fast-levenshtein": {
                          "version": "1.0.6",
                          "from": "fast-levenshtein@>=1.0.0 <1.1.0",
                          "resolved": "https://registry.npmjs.org/fast-levenshtein/-/fast-levenshtein-1.0.6.tgz"
                        }
                      }
                    },
                    "source-map": {
                      "version": "0.1.43",
                      "from": "source-map@>=0.1.40 <0.2.0",
                      "resolved": "https://registry.npmjs.org/source-map/-/source-map-0.1.43.tgz",
                      "dependencies": {
                        "amdefine": {
                          "version": "0.1.0",
                          "from": "amdefine@>=0.0.4",
                          "resolved": "https://registry.npmjs.org/amdefine/-/amdefine-0.1.0.tgz"
                        }
                      }
                    }
                  }
                }
              }
            },
            "primus": {
              "version": "2.4.12",
              "from": "primus@>=2.4.0 <2.5.0",
              "resolved": "https://registry.npmjs.org/primus/-/primus-2.4.12.tgz",
              "dependencies": {
                "access-control": {
                  "version": "0.0.7",
                  "from": "access-control@>=0.0.0 <0.1.0",
                  "resolved": "https://registry.npmjs.org/access-control/-/access-control-0.0.7.tgz",
                  "dependencies": {
                    "millisecond": {
                      "version": "0.0.1",
                      "from": "millisecond@>=0.0.0 <0.1.0",
                      "resolved": "https://registry.npmjs.org/millisecond/-/millisecond-0.0.1.tgz"
                    },
                    "vary": {
                      "version": "1.0.0",
                      "from": "vary@>=1.0.0 <1.1.0"
                    }
                  }
                },
                "create-server": {
                  "version": "0.0.7",
                  "from": "create-server@>=0.0.0 <0.1.0",
                  "resolved": "https://registry.npmjs.org/create-server/-/create-server-0.0.7.tgz",
                  "dependencies": {
                    "connected": {
                      "version": "0.0.2",
                      "from": "connected@>=0.0.0 <0.1.0"
                    }
                  }
                },
                "diagnostics": {
                  "version": "0.0.4",
                  "from": "diagnostics@>=0.0.0 <0.1.0",
                  "dependencies": {
                    "color": {
                      "version": "0.7.3",
                      "from": "color@>=0.7.0 <0.8.0",
                      "resolved": "https://registry.npmjs.org/color/-/color-0.7.3.tgz",
                      "dependencies": {
                        "color-convert": {
                          "version": "0.5.2",
                          "from": "color-convert@>=0.5.0 <0.6.0",
                          "resolved": "https://registry.npmjs.org/color-convert/-/color-convert-0.5.2.tgz"
                        },
                        "color-string": {
                          "version": "0.2.4",
                          "from": "color-string@>=0.2.0 <0.3.0",
                          "resolved": "https://registry.npmjs.org/color-string/-/color-string-0.2.4.tgz",
                          "dependencies": {
                            "color-name": {
                              "version": "1.0.0",
                              "from": "color-name@>=1.0.0 <1.1.0",
                              "resolved": "https://registry.npmjs.org/color-name/-/color-name-1.0.0.tgz"
                            }
                          }
                        }
                      }
                    },
                    "colornames": {
                      "version": "0.0.2",
                      "from": "colornames@>=0.0.0 <0.1.0"
                    },
                    "env-variable": {
                      "version": "0.0.3",
                      "from": "env-variable@>=0.0.0 <0.1.0",
                      "resolved": "https://registry.npmjs.org/env-variable/-/env-variable-0.0.3.tgz"
                    },
                    "kuler": {
                      "version": "0.0.0",
                      "from": "kuler@>=0.0.0 <0.1.0"
                    },
                    "text-hex": {
                      "version": "0.0.0",
                      "from": "text-hex@>=0.0.0 <0.1.0"
                    }
                  }
                },
                "eventemitter3": {
                  "version": "0.1.6",
                  "from": "eventemitter3@>=0.1.0 <0.2.0",
                  "resolved": "https://registry.npmjs.org/eventemitter3/-/eventemitter3-0.1.6.tgz"
                },
                "forwarded-for": {
                  "version": "0.1.1",
                  "from": "forwarded-for@>=0.1.0 <0.2.0"
                },
                "fusing": {
                  "version": "0.4.0",
                  "from": "fusing@>=0.4.0 <0.5.0",
                  "resolved": "https://registry.npmjs.org/fusing/-/fusing-0.4.0.tgz",
                  "dependencies": {
                    "emits": {
                      "version": "1.0.2",
                      "from": "emits@>=1.0.0 <1.1.0",
                      "resolved": "https://registry.npmjs.org/emits/-/emits-1.0.2.tgz"
                    },
                    "predefine": {
                      "version": "0.1.2",
                      "from": "predefine@>=0.1.0 <0.2.0",
                      "resolved": "https://registry.npmjs.org/predefine/-/predefine-0.1.2.tgz",
                      "dependencies": {
                        "extendible": {
                          "version": "0.1.1",
                          "from": "extendible@>=0.1.0 <0.2.0",
                          "resolved": "https://registry.npmjs.org/extendible/-/extendible-0.1.1.tgz"
                        }
                      }
                    }
                  }
                },
                "load": {
                  "version": "1.0.1",
                  "from": "load@>=1.0.0 <1.1.0"
                },
                "setheader": {
                  "version": "0.0.4",
                  "from": "setheader@>=0.0.0 <0.1.0",
                  "dependencies": {
                    "debug": {
                      "version": "0.7.4",
                      "from": "debug@>=0.7.0 <0.8.0",
                      "resolved": "https://registry.npmjs.org/debug/-/debug-0.7.4.tgz"
                    }
                  }
                },
                "ultron": {
                  "version": "1.0.1",
                  "from": "ultron@>=1.0.0 <1.1.0",
                  "resolved": "https://registry.npmjs.org/ultron/-/ultron-1.0.1.tgz"
                }
              }
            },
            "ws": {
              "version": "0.7.1",
              "from": "ws@>=0.7.0 <0.8.0",
              "resolved": "https://registry.npmjs.org/ws/-/ws-0.7.1.tgz",
              "dependencies": {
                "options": {
                  "version": "0.0.6",
                  "from": "options@>=0.0.5"
                },
                "ultron": {
                  "version": "1.0.1",
                  "from": "ultron@>=1.0.0 <1.1.0",
                  "resolved": "https://registry.npmjs.org/ultron/-/ultron-1.0.1.tgz"
                },
                "bufferutil": {
                  "version": "1.0.1",
                  "from": "bufferutil@>=1.0.0 <1.1.0",
                  "resolved": "https://registry.npmjs.org/bufferutil/-/bufferutil-1.0.1.tgz",
                  "dependencies": {
                    "bindings": {
                      "version": "1.2.1",
                      "from": "bindings@>=1.2.0 <1.3.0"
                    },
                    "nan": {
                      "version": "1.6.2",
                      "from": "nan@>=1.6.0 <1.7.0",
                      "resolved": "https://registry.npmjs.org/nan/-/nan-1.6.2.tgz"
                    }
                  }
                },
                "utf-8-validate": {
                  "version": "1.0.1",
                  "from": "utf-8-validate@>=1.0.0 <1.1.0",
                  "resolved": "https://registry.npmjs.org/utf-8-validate/-/utf-8-validate-1.0.1.tgz",
                  "dependencies": {
                    "bindings": {
                      "version": "1.2.1",
                      "from": "bindings@>=1.2.0 <1.3.0"
                    },
                    "nan": {
                      "version": "1.6.2",
                      "from": "nan@>=1.6.0 <1.7.0",
                      "resolved": "https://registry.npmjs.org/nan/-/nan-1.6.2.tgz"
                    }
                  }
                }
              }
            }
          }
        }
      }
    },
    "term.js": {
      "version": "0.0.4",
      "from": "term.js@0.0.4",
      "resolved": "https://registry.npmjs.org/term.js/-/term.js-0.0.4.tgz"
    }
  }
}
